
Microsoft Visual Studio Solution File, Format Version 12.00
# Visual Studio 14
VisualStudioVersion = 14.0.25420.1
MinimumVisualStudioVersion = 10.0.40219.1
Project("{FAE04EC0-301F-11D3-BF4B-00C04F79EFBC}") = "Test_Prism_FileIO", "Test_Prism_FileIO\Test_Prism_FileIO\Test_Prism_FileIO.csproj", "{0EA3B189-BF90-4682-9E62-EAD2379D550B}"
EndProject
Project("{FAE04EC0-301F-11D3-BF4B-00C04F79EFBC}") = "Test_Prism_FileIO.Droid", "Test_Prism_FileIO\Test_Prism_FileIO.Droid\Test_Prism_FileIO.Droid.csproj", "{331984B0-A17B-470E-864D-9B479DA5ECDA}"
EndProject
Project("{FAE04EC0-301F-11D3-BF4B-00C04F79EFBC}") = "Test_Prism_FileIO.iOS", "Test_Prism_FileIO\Test_Prism_FileIO.iOS\Test_Prism_FileIO.iOS.csproj", "{656EBC05-4C37-4BE0-9DE6-5DACF0EFE510}"
EndProject
Project("{FAE04EC0-301F-11D3-BF4B-00C04F79EFBC}") = "Test_Prism_FileIO.UWP", "Test_Prism_FileIO\Test_Prism_FileIO.UWP\Test_Prism_FileIO.UWP.csproj", "{5364EFFD-A167-4995-8EC9-CA73A1069E39}"
EndProject
Global
	GlobalSection(SolutionConfigurationPlatforms) = preSolution
		Ad-Hoc|Any CPU = Ad-Hoc|Any CPU
		Ad-Hoc|ARM = Ad-Hoc|ARM
		Ad-Hoc|iPhone = Ad-Hoc|iPhone
		Ad-Hoc|iPhoneSimulator = Ad-Hoc|iPhoneSimulator
		Ad-Hoc|x64 = Ad-Hoc|x64
		Ad-Hoc|x86 = Ad-Hoc|x86
		AppStore|Any CPU = AppStore|Any CPU
		AppStore|ARM = AppStore|ARM
		AppStore|iPhone = AppStore|iPhone
		AppStore|iPhoneSimulator = AppStore|iPhoneSimulator
		AppStore|x64 = AppStore|x64
		AppStore|x86 = AppStore|x86
		Debug|Any CPU = Debug|Any CPU
		Debug|ARM = Debug|ARM
		Debug|iPhone = Debug|iPhone
		Debug|iPhoneSimulator = Debug|iPhoneSimulator
		Debug|x64 = Debug|x64
		Debug|x86 = Debug|x86
		Release|Any CPU = Release|Any CPU
		Release|ARM = Release|ARM
		Release|iPhone = Release|iPhone
		Release|iPhoneSimulator = Release|iPhoneSimulator
		Release|x64 = Release|x64
		Release|x86 = Release|x86
	EndGlobalSection
	GlobalSection(ProjectConfigurationPlatforms) = postSolution
		{0EA3B189-BF90-4682-9E62-EAD2379D550B}.Ad-Hoc|Any CPU.ActiveCfg = Release|Any CPU
		{0EA3B189-BF90-4682-9E62-EAD2379D550B}.Ad-Hoc|Any CPU.Build.0 = Release|Any CPU
		{0EA3B189-BF90-4682-9E62-EAD2379D550B}.Ad-Hoc|ARM.ActiveCfg = Release|Any CPU
		{0EA3B189-BF90-4682-9E62-EAD2379D550B}.Ad-Hoc|ARM.Build.0 = Release|Any CPU
		{0EA3B189-BF90-4682-9E62-EAD2379D550B}.Ad-Hoc|iPhone.ActiveCfg = Release|Any CPU
		{0EA3B189-BF90-4682-9E62-EAD2379D550B}.Ad-Hoc|iPhone.Build.0 = Release|Any CPU
		{0EA3B189-BF90-4682-9E62-EAD2379D550B}.Ad-Hoc|iPhoneSimulator.ActiveCfg = Release|Any CPU
		{0EA3B189-BF90-4682-9E62-EAD2379D550B}.Ad-Hoc|iPhoneSimulator.Build.0 = Release|Any CPU
		{0EA3B189-BF90-4682-9E62-EAD2379D550B}.Ad-Hoc|x64.ActiveCfg = Release|Any CPU
		{0EA3B189-BF90-4682-9E62-EAD2379D550B}.Ad-Hoc|x64.Build.0 = Release|Any CPU
		{0EA3B189-BF90-4682-9E62-EAD2379D550B}.Ad-Hoc|x86.ActiveCfg = Release|Any CPU
		{0EA3B189-BF90-4682-9E62-EAD2379D550B}.Ad-Hoc|x86.Build.0 = Release|Any CPU
		{0EA3B189-BF90-4682-9E62-EAD2379D550B}.AppStore|Any CPU.ActiveCfg = Release|Any CPU
		{0EA3B189-BF90-4682-9E62-EAD2379D550B}.AppStore|Any CPU.Build.0 = Release|Any CPU
		{0EA3B189-BF90-4682-9E62-EAD2379D550B}.AppStore|ARM.ActiveCfg = Release|Any CPU
		{0EA3B189-BF90-4682-9E62-EAD2379D550B}.AppStore|ARM.Build.0 = Release|Any CPU
		{0EA3B189-BF90-4682-9E62-EAD2379D550B}.AppStore|iPhone.ActiveCfg = Release|Any CPU
		{0EA3B189-BF90-4682-9E62-EAD2379D550B}.AppStore|iPhone.Build.0 = Release|Any CPU
		{0EA3B189-BF90-4682-9E62-EAD2379D550B}.AppStore|iPhoneSimulator.ActiveCfg = Release|Any CPU
		{0EA3B189-BF90-4682-9E62-EAD2379D550B}.AppStore|iPhoneSimulator.Build.0 = Release|Any CPU
		{0EA3B189-BF90-4682-9E62-EAD2379D550B}.AppStore|x64.ActiveCfg = Release|Any CPU
		{0EA3B189-BF90-4682-9E62-EAD2379D550B}.AppStore|x64.Build.0 = Release|Any CPU
		{0EA3B189-BF90-4682-9E62-EAD2379D550B}.AppStore|x86.ActiveCfg = Release|Any CPU
		{0EA3B189-BF90-4682-9E62-EAD2379D550B}.AppStore|x86.Build.0 = Release|Any CPU
		{0EA3B189-BF90-4682-9E62-EAD2379D550B}.Debug|Any CPU.ActiveCfg = Debug|Any CPU
		{0EA3B189-BF90-4682-9E62-EAD2379D550B}.Debug|Any CPU.Build.0 = Debug|Any CPU
		{0EA3B189-BF90-4682-9E62-EAD2379D550B}.Debug|ARM.ActiveCfg = Debug|Any CPU
		{0EA3B189-BF90-4682-9E62-EAD2379D550B}.Debug|ARM.Build.0 = Debug|Any CPU
		{0EA3B189-BF90-4682-9E62-EAD2379D550B}.Debug|iPhone.ActiveCfg = Debug|Any CPU
		{0EA3B189-BF90-4682-9E62-EAD2379D550B}.Debug|iPhone.Build.0 = Debug|Any CPU
		{0EA3B189-BF90-4682-9E62-EAD2379D550B}.Debug|iPhoneSimulator.ActiveCfg = Debug|Any CPU
		{0EA3B189-BF90-4682-9E62-EAD2379D550B}.Debug|iPhoneSimulator.Build.0 = Debug|Any CPU
		{0EA3B189-BF90-4682-9E62-EAD2379D550B}.Debug|x64.ActiveCfg = Debug|Any CPU
		{0EA3B189-BF90-4682-9E62-EAD2379D550B}.Debug|x64.Build.0 = Debug|Any CPU
		{0EA3B189-BF90-4682-9E62-EAD2379D550B}.Debug|x86.ActiveCfg = Debug|Any CPU
		{0EA3B189-BF90-4682-9E62-EAD2379D550B}.Debug|x86.Build.0 = Debug|Any CPU
		{0EA3B189-BF90-4682-9E62-EAD2379D550B}.Release|Any CPU.ActiveCfg = Release|Any CPU
		{0EA3B189-BF90-4682-9E62-EAD2379D550B}.Release|Any CPU.Build.0 = Release|Any CPU
		{0EA3B189-BF90-4682-9E62-EAD2379D550B}.Release|ARM.ActiveCfg = Release|Any CPU
		{0EA3B189-BF90-4682-9E62-EAD2379D550B}.Release|ARM.Build.0 = Release|Any CPU
		{0EA3B189-BF90-4682-9E62-EAD2379D550B}.Release|iPhone.ActiveCfg = Release|Any CPU
		{0EA3B189-BF90-4682-9E62-EAD2379D550B}.Release|iPhone.Build.0 = Release|Any CPU
		{0EA3B189-BF90-4682-9E62-EAD2379D550B}.Release|iPhoneSimulator.ActiveCfg = Release|Any CPU
		{0EA3B189-BF90-4682-9E62-EAD2379D550B}.Release|iPhoneSimulator.Build.0 = Release|Any CPU
		{0EA3B189-BF90-4682-9E62-EAD2379D550B}.Release|x64.ActiveCfg = Release|Any CPU
		{0EA3B189-BF90-4682-9E62-EAD2379D550B}.Release|x64.Build.0 = Release|Any CPU
		{0EA3B189-BF90-4682-9E62-EAD2379D550B}.Release|x86.ActiveCfg = Release|Any CPU
		{0EA3B189-BF90-4682-9E62-EAD2379D550B}.Release|x86.Build.0 = Release|Any CPU
		{331984B0-A17B-470E-864D-9B479DA5ECDA}.Ad-Hoc|Any CPU.ActiveCfg = Release|Any CPU
		{331984B0-A17B-470E-864D-9B479DA5ECDA}.Ad-Hoc|Any CPU.Build.0 = Release|Any CPU
		{331984B0-A17B-470E-864D-9B479DA5ECDA}.Ad-Hoc|Any CPU.Deploy.0 = Release|Any CPU
		{331984B0-A17B-470E-864D-9B479DA5ECDA}.Ad-Hoc|ARM.ActiveCfg = Release|Any CPU
		{331984B0-A17B-470E-864D-9B479DA5ECDA}.Ad-Hoc|ARM.Build.0 = Release|Any CPU
		{331984B0-A17B-470E-864D-9B479DA5ECDA}.Ad-Hoc|ARM.Deploy.0 = Release|Any CPU
		{331984B0-A17B-470E-864D-9B479DA5ECDA}.Ad-Hoc|iPhone.ActiveCfg = Release|Any CPU
		{331984B0-A17B-470E-864D-9B479DA5ECDA}.Ad-Hoc|iPhone.Build.0 = Release|Any CPU
		{331984B0-A17B-470E-864D-9B479DA5ECDA}.Ad-Hoc|iPhone.Deploy.0 = Release|Any CPU
		{331984B0-A17B-470E-864D-9B479DA5ECDA}.Ad-Hoc|iPhoneSimulator.ActiveCfg = Release|Any CPU
		{331984B0-A17B-470E-864D-9B479DA5ECDA}.Ad-Hoc|iPhoneSimulator.Build.0 = Release|Any CPU
		{331984B0-A17B-470E-864D-9B479DA5ECDA}.Ad-Hoc|iPhoneSimulator.Deploy.0 = Release|Any CPU
		{331984B0-A17B-470E-864D-9B479DA5ECDA}.Ad-Hoc|x64.ActiveCfg = Release|Any CPU
		{331984B0-A17B-470E-864D-9B479DA5ECDA}.Ad-Hoc|x64.Build.0 = Release|Any CPU
		{331984B0-A17B-470E-864D-9B479DA5ECDA}.Ad-Hoc|x64.Deploy.0 = Release|Any CPU
		{331984B0-A17B-470E-864D-9B479DA5ECDA}.Ad-Hoc|x86.ActiveCfg = Release|Any CPU
		{331984B0-A17B-470E-864D-9B479DA5ECDA}.Ad-Hoc|x86.Build.0 = Release|Any CPU
		{331984B0-A17B-470E-864D-9B479DA5ECDA}.Ad-Hoc|x86.Deploy.0 = Release|Any CPU
		{331984B0-A17B-470E-864D-9B479DA5ECDA}.AppStore|Any CPU.ActiveCfg = Release|Any CPU
		{331984B0-A17B-470E-864D-9B479DA5ECDA}.AppStore|Any CPU.Build.0 = Release|Any CPU
		{331984B0-A17B-470E-864D-9B479DA5ECDA}.AppStore|Any CPU.Deploy.0 = Release|Any CPU
		{331984B0-A17B-470E-864D-9B479DA5ECDA}.AppStore|ARM.ActiveCfg = Release|Any CPU
		{331984B0-A17B-470E-864D-9B479DA5ECDA}.AppStore|ARM.Build.0 = Release|Any CPU
		{331984B0-A17B-470E-864D-9B479DA5ECDA}.AppStore|ARM.Deploy.0 = Release|Any CPU
		{331984B0-A17B-470E-864D-9B479DA5ECDA}.AppStore|iPhone.ActiveCfg = Release|Any CPU
		{331984B0-A17B-470E-864D-9B479DA5ECDA}.AppStore|iPhone.Build.0 = Release|Any CPU
		{331984B0-A17B-470E-864D-9B479DA5ECDA}.AppStore|iPhone.Deploy.0 = Release|Any CPU
		{331984B0-A17B-470E-864D-9B479DA5ECDA}.AppStore|iPhoneSimulator.ActiveCfg = Release|Any CPU
		{331984B0-A17B-470E-864D-9B479DA5ECDA}.AppStore|iPhoneSimulator.Build.0 = Release|Any CPU
		{331984B0-A17B-470E-864D-9B479DA5ECDA}.AppStore|iPhoneSimulator.Deploy.0 = Release|Any CPU
		{331984B0-A17B-470E-864D-9B479DA5ECDA}.AppStore|x64.ActiveCfg = Release|Any CPU
		{331984B0-A17B-470E-864D-9B479DA5ECDA}.AppStore|x64.Build.0 = Release|Any CPU
		{331984B0-A17B-470E-864D-9B479DA5ECDA}.AppStore|x64.Deploy.0 = Release|Any CPU
		{331984B0-A17B-470E-864D-9B479DA5ECDA}.AppStore|x86.ActiveCfg = Release|Any CPU
		{331984B0-A17B-470E-864D-9B479DA5ECDA}.AppStore|x86.Build.0 = Release|Any CPU
		{331984B0-A17B-470E-864D-9B479DA5ECDA}.AppStore|x86.Deploy.0 = Release|Any CPU
		{331984B0-A17B-470E-864D-9B479DA5ECDA}.Debug|Any CPU.ActiveCfg = Debug|Any CPU
		{331984B0-A17B-470E-864D-9B479DA5ECDA}.Debug|Any CPU.Build.0 = Debug|Any CPU
		{331984B0-A17B-470E-864D-9B479DA5ECDA}.Debug|Any CPU.Deploy.0 = Debug|Any CPU
		{331984B0-A17B-470E-864D-9B479DA5ECDA}.Debug|ARM.ActiveCfg = Debug|Any CPU
		{331984B0-A17B-470E-864D-9B479DA5ECDA}.Debug|ARM.Build.0 = Debug|Any CPU
		{331984B0-A17B-470E-864D-9B479DA5ECDA}.Debug|ARM.Deploy.0 = Debug|Any CPU
		{331984B0-A17B-470E-864D-9B479DA5ECDA}.Debug|iPhone.ActiveCfg = Debug|Any CPU
		{331984B0-A17B-470E-864D-9B479DA5ECDA}.Debug|iPhone.Build.0 = Debug|Any CPU
		{331984B0-A17B-470E-864D-9B479DA5ECDA}.Debug|iPhone.Deploy.0 = Debug|Any CPU
		{331984B0-A17B-470E-864D-9B479DA5ECDA}.Debug|iPhoneSimulator.ActiveCfg = Debug|Any CPU
		{331984B0-A17B-470E-864D-9B479DA5ECDA}.Debug|iPhoneSimulator.Build.0 = Debug|Any CPU
		{331984B0-A17B-470E-864D-9B479DA5ECDA}.Debug|iPhoneSimulator.Deploy.0 = Debug|Any CPU
		{331984B0-A17B-470E-864D-9B479DA5ECDA}.Debug|x64.ActiveCfg = Debug|Any CPU
		{331984B0-A17B-470E-864D-9B479DA5ECDA}.Debug|x64.Build.0 = Debug|Any CPU
		{331984B0-A17B-470E-864D-9B479DA5ECDA}.Debug|x64.Deploy.0 = Debug|Any CPU
		{331984B0-A17B-470E-864D-9B479DA5ECDA}.Debug|x86.ActiveCfg = Debug|Any CPU
		{331984B0-A17B-470E-864D-9B479DA5ECDA}.Debug|x86.Build.0 = Debug|Any CPU
		{331984B0-A17B-470E-864D-9B479DA5ECDA}.Debug|x86.Deploy.0 = Debug|Any CPU
		{331984B0-A17B-470E-864D-9B479DA5ECDA}.Release|Any CPU.ActiveCfg = Release|Any CPU
		{331984B0-A17B-470E-864D-9B479DA5ECDA}.Release|Any CPU.Build.0 = Release|Any CPU
		{331984B0-A17B-470E-864D-9B479DA5ECDA}.Release|Any CPU.Deploy.0 = Release|Any CPU
		{331984B0-A17B-470E-864D-9B479DA5ECDA}.Release|ARM.ActiveCfg = Release|Any CPU
		{331984B0-A17B-470E-864D-9B479DA5ECDA}.Release|ARM.Build.0 = Release|Any CPU
		{331984B0-A17B-470E-864D-9B479DA5ECDA}.Release|ARM.Deploy.0 = Release|Any CPU
		{331984B0-A17B-470E-864D-9B479DA5ECDA}.Release|iPhone.ActiveCfg = Release|Any CPU
		{331984B0-A17B-470E-864D-9B479DA5ECDA}.Release|iPhone.Build.0 = Release|Any CPU
		{331984B0-A17B-470E-864D-9B479DA5ECDA}.Release|iPhone.Deploy.0 = Release|Any CPU
		{331984B0-A17B-470E-864D-9B479DA5ECDA}.Release|iPhoneSimulator.ActiveCfg = Release|Any CPU
		{331984B0-A17B-470E-864D-9B479DA5ECDA}.Release|iPhoneSimulator.Build.0 = Release|Any CPU
		{331984B0-A17B-470E-864D-9B479DA5ECDA}.Release|iPhoneSimulator.Deploy.0 = Release|Any CPU
		{331984B0-A17B-470E-864D-9B479DA5ECDA}.Release|x64.ActiveCfg = Release|Any CPU
		{331984B0-A17B-470E-864D-9B479DA5ECDA}.Release|x64.Build.0 = Release|Any CPU
		{331984B0-A17B-470E-864D-9B479DA5ECDA}.Release|x64.Deploy.0 = Release|Any CPU
		{331984B0-A17B-470E-864D-9B479DA5ECDA}.Release|x86.ActiveCfg = Release|Any CPU
		{331984B0-A17B-470E-864D-9B479DA5ECDA}.Release|x86.Build.0 = Release|Any CPU
		{331984B0-A17B-470E-864D-9B479DA5ECDA}.Release|x86.Deploy.0 = Release|Any CPU
		{656EBC05-4C37-4BE0-9DE6-5DACF0EFE510}.Ad-Hoc|Any CPU.ActiveCfg = Ad-Hoc|iPhone
		{656EBC05-4C37-4BE0-9DE6-5DACF0EFE510}.Ad-Hoc|ARM.ActiveCfg = Ad-Hoc|iPhone
		{656EBC05-4C37-4BE0-9DE6-5DACF0EFE510}.Ad-Hoc|iPhone.ActiveCfg = Ad-Hoc|iPhone
		{656EBC05-4C37-4BE0-9DE6-5DACF0EFE510}.Ad-Hoc|iPhone.Build.0 = Ad-Hoc|iPhone
		{656EBC05-4C37-4BE0-9DE6-5DACF0EFE510}.Ad-Hoc|iPhoneSimulator.ActiveCfg = Ad-Hoc|iPhoneSimulator
		{656EBC05-4C37-4BE0-9DE6-5DACF0EFE510}.Ad-Hoc|iPhoneSimulator.Build.0 = Ad-Hoc|iPhoneSimulator
		{656EBC05-4C37-4BE0-9DE6-5DACF0EFE510}.Ad-Hoc|x64.ActiveCfg = Ad-Hoc|iPhone
		{656EBC05-4C37-4BE0-9DE6-5DACF0EFE510}.Ad-Hoc|x86.ActiveCfg = Ad-Hoc|iPhone
		{656EBC05-4C37-4BE0-9DE6-5DACF0EFE510}.AppStore|Any CPU.ActiveCfg = AppStore|iPhone
		{656EBC05-4C37-4BE0-9DE6-5DACF0EFE510}.AppStore|ARM.ActiveCfg = AppStore|iPhone
		{656EBC05-4C37-4BE0-9DE6-5DACF0EFE510}.AppStore|iPhone.ActiveCfg = AppStore|iPhone
		{656EBC05-4C37-4BE0-9DE6-5DACF0EFE510}.AppStore|iPhone.Build.0 = AppStore|iPhone
		{656EBC05-4C37-4BE0-9DE6-5DACF0EFE510}.AppStore|iPhoneSimulator.ActiveCfg = AppStore|iPhoneSimulator
		{656EBC05-4C37-4BE0-9DE6-5DACF0EFE510}.AppStore|iPhoneSimulator.Build.0 = AppStore|iPhoneSimulator
		{656EBC05-4C37-4BE0-9DE6-5DACF0EFE510}.AppStore|x64.ActiveCfg = AppStore|iPhone
		{656EBC05-4C37-4BE0-9DE6-5DACF0EFE510}.AppStore|x86.ActiveCfg = AppStore|iPhone
		{656EBC05-4C37-4BE0-9DE6-5DACF0EFE510}.Debug|Any CPU.ActiveCfg = Debug|iPhone
		{656EBC05-4C37-4BE0-9DE6-5DACF0EFE510}.Debug|ARM.ActiveCfg = Debug|iPhone
		{656EBC05-4C37-4BE0-9DE6-5DACF0EFE510}.Debug|iPhone.ActiveCfg = Debug|iPhone
		{656EBC05-4C37-4BE0-9DE6-5DACF0EFE510}.Debug|iPhone.Build.0 = Debug|iPhone
		{656EBC05-4C37-4BE0-9DE6-5DACF0EFE510}.Debug|iPhoneSimulator.ActiveCfg = Debug|iPhoneSimulator
		{656EBC05-4C37-4BE0-9DE6-5DACF0EFE510}.Debug|iPhoneSimulator.Build.0 = Debug|iPhoneSimulator
		{656EBC05-4C37-4BE0-9DE6-5DACF0EFE510}.Debug|x64.ActiveCfg = Debug|iPhone
		{656EBC05-4C37-4BE0-9DE6-5DACF0EFE510}.Debug|x86.ActiveCfg = Debug|iPhone
		{656EBC05-4C37-4BE0-9DE6-5DACF0EFE510}.Release|Any CPU.ActiveCfg = Release|iPhone
		{656EBC05-4C37-4BE0-9DE6-5DACF0EFE510}.Release|ARM.ActiveCfg = Release|iPhone
		{656EBC05-4C37-4BE0-9DE6-5DACF0EFE510}.Release|iPhone.ActiveCfg = Release|iPhone
		{656EBC05-4C37-4BE0-9DE6-5DACF0EFE510}.Release|iPhone.Build.0 = Release|iPhone
		{656EBC05-4C37-4BE0-9DE6-5DACF0EFE510}.Release|iPhoneSimulator.ActiveCfg = Release|iPhoneSimulator
		{656EBC05-4C37-4BE0-9DE6-5DACF0EFE510}.Release|iPhoneSimulator.Build.0 = Release|iPhoneSimulator
		{656EBC05-4C37-4BE0-9DE6-5DACF0EFE510}.Release|x64.ActiveCfg = Release|iPhone
		{656EBC05-4C37-4BE0-9DE6-5DACF0EFE510}.Release|x86.ActiveCfg = Release|iPhone
		{5364EFFD-A167-4995-8EC9-CA73A1069E39}.Ad-Hoc|Any CPU.ActiveCfg = Release|x86
		{5364EFFD-A167-4995-8EC9-CA73A1069E39}.Ad-Hoc|Any CPU.Build.0 = Release|x86
		{5364EFFD-A167-4995-8EC9-CA73A1069E39}.Ad-Hoc|Any CPU.Deploy.0 = Release|x86
		{5364EFFD-A167-4995-8EC9-CA73A1069E39}.Ad-Hoc|ARM.ActiveCfg = Release|ARM
		{5364EFFD-A167-4995-8EC9-CA73A1069E39}.Ad-Hoc|ARM.Build.0 = Release|ARM
		{5364EFFD-A167-4995-8EC9-CA73A1069E39}.Ad-Hoc|ARM.Deploy.0 = Release|ARM
		{5364EFFD-A167-4995-8EC9-CA73A1069E39}.Ad-Hoc|iPhone.ActiveCfg = Release|x86
		{5364EFFD-A167-4995-8EC9-CA73A1069E39}.Ad-Hoc|iPhone.Build.0 = Release|x86
		{5364EFFD-A167-4995-8EC9-CA73A1069E39}.Ad-Hoc|iPhone.Deploy.0 = Release|x86
		{5364EFFD-A167-4995-8EC9-CA73A1069E39}.Ad-Hoc|iPhoneSimulator.ActiveCfg = Release|x86
		{5364EFFD-A167-4995-8EC9-CA73A1069E39}.Ad-Hoc|iPhoneSimulator.Build.0 = Release|x86
		{5364EFFD-A167-4995-8EC9-CA73A1069E39}.Ad-Hoc|iPhoneSimulator.Deploy.0 = Release|x86
		{5364EFFD-A167-4995-8EC9-CA73A1069E39}.Ad-Hoc|x64.ActiveCfg = Release|x64
		{5364EFFD-A167-4995-8EC9-CA73A1069E39}.Ad-Hoc|x64.Build.0 = Release|x64
		{5364EFFD-A167-4995-8EC9-CA73A1069E39}.Ad-Hoc|x64.Deploy.0 = Release|x64
		{5364EFFD-A167-4995-8EC9-CA73A1069E39}.Ad-Hoc|x86.ActiveCfg = Release|x86
		{5364EFFD-A167-4995-8EC9-CA73A1069E39}.Ad-Hoc|x86.Build.0 = Release|x86
		{5364EFFD-A167-4995-8EC9-CA73A1069E39}.Ad-Hoc|x86.Deploy.0 = Release|x86
		{5364EFFD-A167-4995-8EC9-CA73A1069E39}.AppStore|Any CPU.ActiveCfg = Release|x86
		{5364EFFD-A167-4995-8EC9-CA73A1069E39}.AppStore|Any CPU.Build.0 = Release|x86
		{5364EFFD-A167-4995-8EC9-CA73A1069E39}.AppStore|Any CPU.Deploy.0 = Release|x86
		{5364EFFD-A167-4995-8EC9-CA73A1069E39}.AppStore|ARM.ActiveCfg = Release|ARM
		{5364EFFD-A167-4995-8EC9-CA73A1069E39}.AppStore|ARM.Build.0 = Release|ARM
		{5364EFFD-A167-4995-8EC9-CA73A1069E39}.AppStore|ARM.Deploy.0 = Release|ARM
		{5364EFFD-A167-4995-8EC9-CA73A1069E39}.AppStore|iPhone.ActiveCfg = Release|x86
		{5364EFFD-A167-4995-8EC9-CA73A1069E39}.AppStore|iPhone.Build.0 = Release|x86
		{5364EFFD-A167-4995-8EC9-CA73A1069E39}.AppStore|iPhone.Deploy.0 = Release|x86
		{5364EFFD-A167-4995-8EC9-CA73A1069E39}.AppStore|iPhoneSimulator.ActiveCfg = Release|x86
		{5364EFFD-A167-4995-8EC9-CA73A1069E39}.AppStore|iPhoneSimulator.Build.0 = Release|x86
		{5364EFFD-A167-4995-8EC9-CA73A1069E39}.AppStore|iPhoneSimulator.Deploy.0 = Release|x86
		{5364EFFD-A167-4995-8EC9-CA73A1069E39}.AppStore|x64.ActiveCfg = Release|x64
		{5364EFFD-A167-4995-8EC9-CA73A1069E39}.AppStore|x64.Build.0 = Release|x64
		{5364EFFD-A167-4995-8EC9-CA73A1069E39}.AppStore|x64.Deploy.0 = Release|x64
		{5364EFFD-A167-4995-8EC9-CA73A1069E39}.AppStore|x86.ActiveCfg = Release|x86
		{5364EFFD-A167-4995-8EC9-CA73A1069E39}.AppStore|x86.Build.0 = Release|x86
		{5364EFFD-A167-4995-8EC9-CA73A1069E39}.AppStore|x86.Deploy.0 = Release|x86
		{5364EFFD-A167-4995-8EC9-CA73A1069E39}.Debug|Any CPU.ActiveCfg = Debug|x86
		{5364EFFD-A167-4995-8EC9-CA73A1069E39}.Debug|ARM.ActiveCfg = Debug|ARM
		{5364EFFD-A167-4995-8EC9-CA73A1069E39}.Debug|ARM.Build.0 = Debug|ARM
		{5364EFFD-A167-4995-8EC9-CA73A1069E39}.Debug|ARM.Deploy.0 = Debug|ARM
		{5364EFFD-A167-4995-8EC9-CA73A1069E39}.Debug|iPhone.ActiveCfg = Debug|x86
		{5364EFFD-A167-4995-8EC9-CA73A1069E39}.Debug|iPhoneSimulator.ActiveCfg = Debug|x86
		{5364EFFD-A167-4995-8EC9-CA73A1069E39}.Debug|x64.ActiveCfg = Debug|x64
		{5364EFFD-A167-4995-8EC9-CA73A1069E39}.Debug|x64.Build.0 = Debug|x64
		{5364EFFD-A167-4995-8EC9-CA73A1069E39}.Debug|x64.Deploy.0 = Debug|x64
		{5364EFFD-A167-4995-8EC9-CA73A1069E39}.Debug|x86.ActiveCfg = Debug|x86
		{5364EFFD-A167-4995-8EC9-CA73A1069E39}.Debug|x86.Build.0 = Debug|x86
		{5364EFFD-A167-4995-8EC9-CA73A1069E39}.Debug|x86.Deploy.0 = Debug|x86
		{5364EFFD-A167-4995-8EC9-CA73A1069E39}.Release|Any CPU.ActiveCfg = Release|x86
		{5364EFFD-A167-4995-8EC9-CA73A1069E39}.Release|ARM.ActiveCfg = Release|ARM
		{5364EFFD-A167-4995-8EC9-CA73A1069E39}.Release|ARM.Build.0 = Release|ARM
		{5364EFFD-A167-4995-8EC9-CA73A1069E39}.Release|ARM.Deploy.0 = Release|ARM
		{5364EFFD-A167-4995-8EC9-CA73A1069E39}.Release|iPhone.ActiveCfg = Release|x86
		{5364EFFD-A167-4995-8EC9-CA73A1069E39}.Release|iPhoneSimulator.ActiveCfg = Release|x86
		{5364EFFD-A167-4995-8EC9-CA73A1069E39}.Release|x64.ActiveCfg = Release|x64
		{5364EFFD-A167-4995-8EC9-CA73A1069E39}.Release|x64.Build.0 = Release|x64
		{5364EFFD-A167-4995-8EC9-CA73A1069E39}.Release|x64.Deploy.0 = Release|x64
		{5364EFFD-A167-4995-8EC9-CA73A1069E39}.Release|x86.ActiveCfg = Release|x86
		{5364EFFD-A167-4995-8EC9-CA73A1069E39}.Release|x86.Build.0 = Release|x86
		{5364EFFD-A167-4995-8EC9-CA73A1069E39}.Release|x86.Deploy.0 = Release|x86
	EndGlobalSection
	GlobalSection(SolutionProperties) = preSolution
		HideSolutionNode = FALSE
	EndGlobalSection
EndGlobal
